PODS:
  - Flutter (1.0.0)
  - flutter_funding_choices (0.1.0):
    - Flutter
    - GoogleUserMessagingPlatform (~> 1.1.0)
  - GoogleUserMessagingPlatform (1.1.0)

DEPENDENCIES:
  - Flutter (from `Flutter`)
  - flutter_funding_choices (from `.symlinks/plugins/flutter_funding_choices/ios`)

SPEC REPOS:
  trunk:
    - GoogleUserMessagingPlatform

EXTERNAL SOURCES:
  Flutter:
    :path: Flutter
  flutter_funding_choices:
    :path: ".symlinks/plugins/flutter_funding_choices/ios"

SPEC CHECKSUMS:
  Flutter: 0e3d915762c693b495b44d77113d4970485de6ec
  flutter_funding_choices: ca1cb0513d787d35d08116cbd8d37065afc9bd3a
  GoogleUserMessagingPlatform: 9dc714d2e1f0aa727b9cc52d266dc1b155f4c3f2

PODFILE CHECKSUM: a75497545d4391e2d394c3668e20cfb1c2bbd4aa

COCOAPODS: 1.9.3
