PODS:
  - Flutter (1.0.0)
  - flutter_funding_choices (0.2.0):
    - Flutter
    - GoogleUserMessagingPlatform (~> 2.0.0)
  - GoogleUserMessagingPlatform (2.0.0)

DEPENDENCIES:
  - Flutter (from `Flutter`)
  - flutter_funding_choices (from `.symlinks/plugins/flutter_funding_choices/ios`)

SPEC REPOS:
  trunk:
    - GoogleUserMessagingPlatform

EXTERNAL SOURCES:
  Flutter:
    :path: Flutter
  flutter_funding_choices:
    :path: ".symlinks/plugins/flutter_funding_choices/ios"

SPEC CHECKSUMS:
  Flutter: f04841e97a9d0b0a8025694d0796dd46242b2854
  flutter_funding_choices: 74ec647da9398ae1653e0737764a592da895db1d
  GoogleUserMessagingPlatform: ab890ce5f6620f293a21b6bdd82e416a2c73aeca

PODFILE CHECKSUM: 7368163408c647b7eb699d0d788ba6718e18fb8d

COCOAPODS: 1.12.1
